
Microsoft Visual Studio Solution File, Format Version 12.00
# Visual Studio Version 17
VisualStudioVersion = 17.2.32519.379
MinimumVisualStudioVersion = 10.0.40219.1
Project("{FAE04EC0-301F-11D3-BF4B-00C04F79EFBC}") = "X_Forms.UWP", "X_Forms\X_Forms.UWP\X_Forms.UWP.csproj", "{CF67F524-D250-429B-9AA2-84080DB5E4FF}"
EndProject
Project("{FAE04EC0-301F-11D3-BF4B-00C04F79EFBC}") = "X_Forms.Android", "X_Forms\X_Forms.Android\X_Forms.Android.csproj", "{2D0BFF8C-B6B7-4B62-8BB5-BBB5FEE6773D}"
EndProject
Project("{FAE04EC0-301F-11D3-BF4B-00C04F79EFBC}") = "X_Forms.iOS", "X_Forms\X_Forms.iOS\X_Forms.iOS.csproj", "{FE9C7DB1-27E9-4A65-8211-1DD19386F8DD}"
EndProject
Project("{FAE04EC0-301F-11D3-BF4B-00C04F79EFBC}") = "X_Forms", "X_Forms\X_Forms\X_Forms.csproj", "{91FD941B-F781-4D44-A07C-D168BB799777}"
EndProject
Global
	GlobalSection(SolutionConfigurationPlatforms) = preSolution
		Debug|Any CPU = Debug|Any CPU
		Debug|ARM = Debug|ARM
		Debug|iPhone = Debug|iPhone
		Debug|iPhoneSimulator = Debug|iPhoneSimulator
		Debug|x64 = Debug|x64
		Debug|x86 = Debug|x86
		Release|Any CPU = Release|Any CPU
		Release|ARM = Release|ARM
		Release|iPhone = Release|iPhone
		Release|iPhoneSimulator = Release|iPhoneSimulator
		Release|x64 = Release|x64
		Release|x86 = Release|x86
	EndGlobalSection
	GlobalSection(ProjectConfigurationPlatforms) = postSolution
		{CF67F524-D250-429B-9AA2-84080DB5E4FF}.Debug|Any CPU.ActiveCfg = Debug|x64
		{CF67F524-D250-429B-9AA2-84080DB5E4FF}.Debug|Any CPU.Build.0 = Debug|x64
		{CF67F524-D250-429B-9AA2-84080DB5E4FF}.Debug|Any CPU.Deploy.0 = Debug|x64
		{CF67F524-D250-429B-9AA2-84080DB5E4FF}.Debug|ARM.ActiveCfg = Debug|ARM
		{CF67F524-D250-429B-9AA2-84080DB5E4FF}.Debug|ARM.Build.0 = Debug|ARM
		{CF67F524-D250-429B-9AA2-84080DB5E4FF}.Debug|ARM.Deploy.0 = Debug|ARM
		{CF67F524-D250-429B-9AA2-84080DB5E4FF}.Debug|iPhone.ActiveCfg = Debug|x64
		{CF67F524-D250-429B-9AA2-84080DB5E4FF}.Debug|iPhone.Build.0 = Debug|x64
		{CF67F524-D250-429B-9AA2-84080DB5E4FF}.Debug|iPhone.Deploy.0 = Debug|x64
		{CF67F524-D250-429B-9AA2-84080DB5E4FF}.Debug|iPhoneSimulator.ActiveCfg = Debug|x64
		{CF67F524-D250-429B-9AA2-84080DB5E4FF}.Debug|iPhoneSimulator.Build.0 = Debug|x64
		{CF67F524-D250-429B-9AA2-84080DB5E4FF}.Debug|iPhoneSimulator.Deploy.0 = Debug|x64
		{CF67F524-D250-429B-9AA2-84080DB5E4FF}.Debug|x64.ActiveCfg = Debug|x64
		{CF67F524-D250-429B-9AA2-84080DB5E4FF}.Debug|x64.Build.0 = Debug|x64
		{CF67F524-D250-429B-9AA2-84080DB5E4FF}.Debug|x64.Deploy.0 = Debug|x64
		{CF67F524-D250-429B-9AA2-84080DB5E4FF}.Debug|x86.ActiveCfg = Debug|x86
		{CF67F524-D250-429B-9AA2-84080DB5E4FF}.Debug|x86.Build.0 = Debug|x86
		{CF67F524-D250-429B-9AA2-84080DB5E4FF}.Debug|x86.Deploy.0 = Debug|x86
		{CF67F524-D250-429B-9AA2-84080DB5E4FF}.Release|Any CPU.ActiveCfg = Release|x64
		{CF67F524-D250-429B-9AA2-84080DB5E4FF}.Release|Any CPU.Build.0 = Release|x64
		{CF67F524-D250-429B-9AA2-84080DB5E4FF}.Release|Any CPU.Deploy.0 = Release|x64
		{CF67F524-D250-429B-9AA2-84080DB5E4FF}.Release|ARM.ActiveCfg = Release|ARM
		{CF67F524-D250-429B-9AA2-84080DB5E4FF}.Release|ARM.Build.0 = Release|ARM
		{CF67F524-D250-429B-9AA2-84080DB5E4FF}.Release|ARM.Deploy.0 = Release|ARM
		{CF67F524-D250-429B-9AA2-84080DB5E4FF}.Release|iPhone.ActiveCfg = Release|x64
		{CF67F524-D250-429B-9AA2-84080DB5E4FF}.Release|iPhone.Build.0 = Release|x64
		{CF67F524-D250-429B-9AA2-84080DB5E4FF}.Release|iPhone.Deploy.0 = Release|x64
		{CF67F524-D250-429B-9AA2-84080DB5E4FF}.Release|iPhoneSimulator.ActiveCfg = Release|x64
		{CF67F524-D250-429B-9AA2-84080DB5E4FF}.Release|iPhoneSimulator.Build.0 = Release|x64
		{CF67F524-D250-429B-9AA2-84080DB5E4FF}.Release|iPhoneSimulator.Deploy.0 = Release|x64
		{CF67F524-D250-429B-9AA2-84080DB5E4FF}.Release|x64.ActiveCfg = Release|x64
		{CF67F524-D250-429B-9AA2-84080DB5E4FF}.Release|x64.Build.0 = Release|x64
		{CF67F524-D250-429B-9AA2-84080DB5E4FF}.Release|x64.Deploy.0 = Release|x64
		{CF67F524-D250-429B-9AA2-84080DB5E4FF}.Release|x86.ActiveCfg = Release|x86
		{CF67F524-D250-429B-9AA2-84080DB5E4FF}.Release|x86.Build.0 = Release|x86
		{CF67F524-D250-429B-9AA2-84080DB5E4FF}.Release|x86.Deploy.0 = Release|x86
		{2D0BFF8C-B6B7-4B62-8BB5-BBB5FEE6773D}.Debug|Any CPU.ActiveCfg = Debug|Any CPU
		{2D0BFF8C-B6B7-4B62-8BB5-BBB5FEE6773D}.Debug|Any CPU.Build.0 = Debug|Any CPU
		{2D0BFF8C-B6B7-4B62-8BB5-BBB5FEE6773D}.Debug|Any CPU.Deploy.0 = Debug|Any CPU
		{2D0BFF8C-B6B7-4B62-8BB5-BBB5FEE6773D}.Debug|ARM.ActiveCfg = Debug|Any CPU
		{2D0BFF8C-B6B7-4B62-8BB5-BBB5FEE6773D}.Debug|ARM.Build.0 = Debug|Any CPU
		{2D0BFF8C-B6B7-4B62-8BB5-BBB5FEE6773D}.Debug|ARM.Deploy.0 = Debug|Any CPU
		{2D0BFF8C-B6B7-4B62-8BB5-BBB5FEE6773D}.Debug|iPhone.ActiveCfg = Debug|Any CPU
		{2D0BFF8C-B6B7-4B62-8BB5-BBB5FEE6773D}.Debug|iPhone.Build.0 = Debug|Any CPU
		{2D0BFF8C-B6B7-4B62-8BB5-BBB5FEE6773D}.Debug|iPhone.Deploy.0 = Debug|Any CPU
		{2D0BFF8C-B6B7-4B62-8BB5-BBB5FEE6773D}.Debug|iPhoneSimulator.ActiveCfg = Debug|Any CPU
		{2D0BFF8C-B6B7-4B62-8BB5-BBB5FEE6773D}.Debug|iPhoneSimulator.Build.0 = Debug|Any CPU
		{2D0BFF8C-B6B7-4B62-8BB5-BBB5FEE6773D}.Debug|iPhoneSimulator.Deploy.0 = Debug|Any CPU
		{2D0BFF8C-B6B7-4B62-8BB5-BBB5FEE6773D}.Debug|x64.ActiveCfg = Debug|Any CPU
		{2D0BFF8C-B6B7-4B62-8BB5-BBB5FEE6773D}.Debug|x64.Build.0 = Debug|Any CPU
		{2D0BFF8C-B6B7-4B62-8BB5-BBB5FEE6773D}.Debug|x64.Deploy.0 = Debug|Any CPU
		{2D0BFF8C-B6B7-4B62-8BB5-BBB5FEE6773D}.Debug|x86.ActiveCfg = Debug|Any CPU
		{2D0BFF8C-B6B7-4B62-8BB5-BBB5FEE6773D}.Debug|x86.Build.0 = Debug|Any CPU
		{2D0BFF8C-B6B7-4B62-8BB5-BBB5FEE6773D}.Debug|x86.Deploy.0 = Debug|Any CPU
		{2D0BFF8C-B6B7-4B62-8BB5-BBB5FEE6773D}.Release|Any CPU.ActiveCfg = Release|Any CPU
		{2D0BFF8C-B6B7-4B62-8BB5-BBB5FEE6773D}.Release|Any CPU.Build.0 = Release|Any CPU
		{2D0BFF8C-B6B7-4B62-8BB5-BBB5FEE6773D}.Release|Any CPU.Deploy.0 = Release|Any CPU
		{2D0BFF8C-B6B7-4B62-8BB5-BBB5FEE6773D}.Release|ARM.ActiveCfg = Release|Any CPU
		{2D0BFF8C-B6B7-4B62-8BB5-BBB5FEE6773D}.Release|ARM.Build.0 = Release|Any CPU
		{2D0BFF8C-B6B7-4B62-8BB5-BBB5FEE6773D}.Release|ARM.Deploy.0 = Release|Any CPU
		{2D0BFF8C-B6B7-4B62-8BB5-BBB5FEE6773D}.Release|iPhone.ActiveCfg = Release|Any CPU
		{2D0BFF8C-B6B7-4B62-8BB5-BBB5FEE6773D}.Release|iPhone.Build.0 = Release|Any CPU
		{2D0BFF8C-B6B7-4B62-8BB5-BBB5FEE6773D}.Release|iPhone.Deploy.0 = Release|Any CPU
		{2D0BFF8C-B6B7-4B62-8BB5-BBB5FEE6773D}.Release|iPhoneSimulator.ActiveCfg = Release|Any CPU
		{2D0BFF8C-B6B7-4B62-8BB5-BBB5FEE6773D}.Release|iPhoneSimulator.Build.0 = Release|Any CPU
		{2D0BFF8C-B6B7-4B62-8BB5-BBB5FEE6773D}.Release|iPhoneSimulator.Deploy.0 = Release|Any CPU
		{2D0BFF8C-B6B7-4B62-8BB5-BBB5FEE6773D}.Release|x64.ActiveCfg = Release|Any CPU
		{2D0BFF8C-B6B7-4B62-8BB5-BBB5FEE6773D}.Release|x64.Build.0 = Release|Any CPU
		{2D0BFF8C-B6B7-4B62-8BB5-BBB5FEE6773D}.Release|x64.Deploy.0 = Release|Any CPU
		{2D0BFF8C-B6B7-4B62-8BB5-BBB5FEE6773D}.Release|x86.ActiveCfg = Release|Any CPU
		{2D0BFF8C-B6B7-4B62-8BB5-BBB5FEE6773D}.Release|x86.Build.0 = Release|Any CPU
		{2D0BFF8C-B6B7-4B62-8BB5-BBB5FEE6773D}.Release|x86.Deploy.0 = Release|Any CPU
		{FE9C7DB1-27E9-4A65-8211-1DD19386F8DD}.Debug|Any CPU.ActiveCfg = Debug|iPhoneSimulator
		{FE9C7DB1-27E9-4A65-8211-1DD19386F8DD}.Debug|Any CPU.Build.0 = Debug|iPhoneSimulator
		{FE9C7DB1-27E9-4A65-8211-1DD19386F8DD}.Debug|Any CPU.Deploy.0 = Debug|iPhoneSimulator
		{FE9C7DB1-27E9-4A65-8211-1DD19386F8DD}.Debug|ARM.ActiveCfg = Debug|iPhoneSimulator
		{FE9C7DB1-27E9-4A65-8211-1DD19386F8DD}.Debug|ARM.Build.0 = Debug|iPhoneSimulator
		{FE9C7DB1-27E9-4A65-8211-1DD19386F8DD}.Debug|ARM.Deploy.0 = Debug|iPhoneSimulator
		{FE9C7DB1-27E9-4A65-8211-1DD19386F8DD}.Debug|iPhone.ActiveCfg = Debug|iPhone
		{FE9C7DB1-27E9-4A65-8211-1DD19386F8DD}.Debug|iPhone.Build.0 = Debug|iPhone
		{FE9C7DB1-27E9-4A65-8211-1DD19386F8DD}.Debug|iPhone.Deploy.0 = Debug|iPhone
		{FE9C7DB1-27E9-4A65-8211-1DD19386F8DD}.Debug|iPhoneSimulator.ActiveCfg = Debug|iPhoneSimulator
		{FE9C7DB1-27E9-4A65-8211-1DD19386F8DD}.Debug|iPhoneSimulator.Build.0 = Debug|iPhoneSimulator
		{FE9C7DB1-27E9-4A65-8211-1DD19386F8DD}.Debug|iPhoneSimulator.Deploy.0 = Debug|iPhoneSimulator
		{FE9C7DB1-27E9-4A65-8211-1DD19386F8DD}.Debug|x64.ActiveCfg = Debug|iPhone
		{FE9C7DB1-27E9-4A65-8211-1DD19386F8DD}.Debug|x64.Build.0 = Debug|iPhone
		{FE9C7DB1-27E9-4A65-8211-1DD19386F8DD}.Debug|x64.Deploy.0 = Debug|iPhone
		{FE9C7DB1-27E9-4A65-8211-1DD19386F8DD}.Debug|x86.ActiveCfg = Debug|iPhoneSimulator
		{FE9C7DB1-27E9-4A65-8211-1DD19386F8DD}.Debug|x86.Build.0 = Debug|iPhoneSimulator
		{FE9C7DB1-27E9-4A65-8211-1DD19386F8DD}.Debug|x86.Deploy.0 = Debug|iPhoneSimulator
		{FE9C7DB1-27E9-4A65-8211-1DD19386F8DD}.Release|Any CPU.ActiveCfg = Release|iPhoneSimulator
		{FE9C7DB1-27E9-4A65-8211-1DD19386F8DD}.Release|Any CPU.Build.0 = Release|iPhoneSimulator
		{FE9C7DB1-27E9-4A65-8211-1DD19386F8DD}.Release|Any CPU.Deploy.0 = Release|iPhoneSimulator
		{FE9C7DB1-27E9-4A65-8211-1DD19386F8DD}.Release|ARM.ActiveCfg = Release|iPhoneSimulator
		{FE9C7DB1-27E9-4A65-8211-1DD19386F8DD}.Release|ARM.Build.0 = Release|iPhoneSimulator
		{FE9C7DB1-27E9-4A65-8211-1DD19386F8DD}.Release|ARM.Deploy.0 = Release|iPhoneSimulator
		{FE9C7DB1-27E9-4A65-8211-1DD19386F8DD}.Release|iPhone.ActiveCfg = Release|iPhone
		{FE9C7DB1-27E9-4A65-8211-1DD19386F8DD}.Release|iPhone.Build.0 = Release|iPhone
		{FE9C7DB1-27E9-4A65-8211-1DD19386F8DD}.Release|iPhone.Deploy.0 = Release|iPhone
		{FE9C7DB1-27E9-4A65-8211-1DD19386F8DD}.Release|iPhoneSimulator.ActiveCfg = Release|iPhoneSimulator
		{FE9C7DB1-27E9-4A65-8211-1DD19386F8DD}.Release|iPhoneSimulator.Build.0 = Release|iPhoneSimulator
		{FE9C7DB1-27E9-4A65-8211-1DD19386F8DD}.Release|iPhoneSimulator.Deploy.0 = Release|iPhoneSimulator
		{FE9C7DB1-27E9-4A65-8211-1DD19386F8DD}.Release|x64.ActiveCfg = Release|iPhoneSimulator
		{FE9C7DB1-27E9-4A65-8211-1DD19386F8DD}.Release|x64.Build.0 = Release|iPhoneSimulator
		{FE9C7DB1-27E9-4A65-8211-1DD19386F8DD}.Release|x64.Deploy.0 = Release|iPhoneSimulator
		{FE9C7DB1-27E9-4A65-8211-1DD19386F8DD}.Release|x86.ActiveCfg = Release|iPhoneSimulator
		{FE9C7DB1-27E9-4A65-8211-1DD19386F8DD}.Release|x86.Build.0 = Release|iPhoneSimulator
		{FE9C7DB1-27E9-4A65-8211-1DD19386F8DD}.Release|x86.Deploy.0 = Release|iPhoneSimulator
		{91FD941B-F781-4D44-A07C-D168BB799777}.Debug|Any CPU.ActiveCfg = Debug|Any CPU
		{91FD941B-F781-4D44-A07C-D168BB799777}.Debug|Any CPU.Build.0 = Debug|Any CPU
		{91FD941B-F781-4D44-A07C-D168BB799777}.Debug|Any CPU.Deploy.0 = Debug|Any CPU
		{91FD941B-F781-4D44-A07C-D168BB799777}.Debug|ARM.ActiveCfg = Debug|Any CPU
		{91FD941B-F781-4D44-A07C-D168BB799777}.Debug|ARM.Build.0 = Debug|Any CPU
		{91FD941B-F781-4D44-A07C-D168BB799777}.Debug|ARM.Deploy.0 = Debug|Any CPU
		{91FD941B-F781-4D44-A07C-D168BB799777}.Debug|iPhone.ActiveCfg = Debug|Any CPU
		{91FD941B-F781-4D44-A07C-D168BB799777}.Debug|iPhone.Build.0 = Debug|Any CPU
		{91FD941B-F781-4D44-A07C-D168BB799777}.Debug|iPhone.Deploy.0 = Debug|Any CPU
		{91FD941B-F781-4D44-A07C-D168BB799777}.Debug|iPhoneSimulator.ActiveCfg = Debug|Any CPU
		{91FD941B-F781-4D44-A07C-D168BB799777}.Debug|iPhoneSimulator.Build.0 = Debug|Any CPU
		{91FD941B-F781-4D44-A07C-D168BB799777}.Debug|iPhoneSimulator.Deploy.0 = Debug|Any CPU
		{91FD941B-F781-4D44-A07C-D168BB799777}.Debug|x64.ActiveCfg = Debug|Any CPU
		{91FD941B-F781-4D44-A07C-D168BB799777}.Debug|x64.Build.0 = Debug|Any CPU
		{91FD941B-F781-4D44-A07C-D168BB799777}.Debug|x64.Deploy.0 = Debug|Any CPU
		{91FD941B-F781-4D44-A07C-D168BB799777}.Debug|x86.ActiveCfg = Debug|Any CPU
		{91FD941B-F781-4D44-A07C-D168BB799777}.Debug|x86.Build.0 = Debug|Any CPU
		{91FD941B-F781-4D44-A07C-D168BB799777}.Debug|x86.Deploy.0 = Debug|Any CPU
		{91FD941B-F781-4D44-A07C-D168BB799777}.Release|Any CPU.ActiveCfg = Release|Any CPU
		{91FD941B-F781-4D44-A07C-D168BB799777}.Release|Any CPU.Build.0 = Release|Any CPU
		{91FD941B-F781-4D44-A07C-D168BB799777}.Release|Any CPU.Deploy.0 = Release|Any CPU
		{91FD941B-F781-4D44-A07C-D168BB799777}.Release|ARM.ActiveCfg = Release|Any CPU
		{91FD941B-F781-4D44-A07C-D168BB799777}.Release|ARM.Build.0 = Release|Any CPU
		{91FD941B-F781-4D44-A07C-D168BB799777}.Release|ARM.Deploy.0 = Release|Any CPU
		{91FD941B-F781-4D44-A07C-D168BB799777}.Release|iPhone.ActiveCfg = Release|Any CPU
		{91FD941B-F781-4D44-A07C-D168BB799777}.Release|iPhone.Build.0 = Release|Any CPU
		{91FD941B-F781-4D44-A07C-D168BB799777}.Release|iPhone.Deploy.0 = Release|Any CPU
		{91FD941B-F781-4D44-A07C-D168BB799777}.Release|iPhoneSimulator.ActiveCfg = Release|Any CPU
		{91FD941B-F781-4D44-A07C-D168BB799777}.Release|iPhoneSimulator.Build.0 = Release|Any CPU
		{91FD941B-F781-4D44-A07C-D168BB799777}.Release|iPhoneSimulator.Deploy.0 = Release|Any CPU
		{91FD941B-F781-4D44-A07C-D168BB799777}.Release|x64.ActiveCfg = Release|Any CPU
		{91FD941B-F781-4D44-A07C-D168BB799777}.Release|x64.Build.0 = Release|Any CPU
		{91FD941B-F781-4D44-A07C-D168BB799777}.Release|x64.Deploy.0 = Release|Any CPU
		{91FD941B-F781-4D44-A07C-D168BB799777}.Release|x86.ActiveCfg = Release|Any CPU
		{91FD941B-F781-4D44-A07C-D168BB799777}.Release|x86.Build.0 = Release|Any CPU
		{91FD941B-F781-4D44-A07C-D168BB799777}.Release|x86.Deploy.0 = Release|Any CPU
	EndGlobalSection
	GlobalSection(SolutionProperties) = preSolution
		HideSolutionNode = FALSE
	EndGlobalSection
	GlobalSection(ExtensibilityGlobals) = postSolution
		SolutionGuid = {236B078B-418F-499D-A363-C322267AC983}
	EndGlobalSection
EndGlobal
